// !$*UTF8*$!
{
	archiveVersion = 1;
	classes = {
	};
	objectVersion = 52;
	objects = {

/* Begin PBXBuildFile section */
		92B2BCF324B313E30097A9F5 /* NFCSupport in Frameworks */ = {isa = PBXBuildFile; productRef = 92B2BCF224B313E30097A9F5 /* NFCSupport */; };
		92B2BCF424B313E30097A9F5 /* NFCSupport in Embed Frameworks */ = {isa = PBXBuildFile; productRef = 92B2BCF224B313E30097A9F5 /* NFCSupport */; settings = {ATTRIBUTES = (CodeSignOnCopy, ); }; };
		92C740EC1F3DE04A007CE205 /* AppDelegate.swift in Sources */ = {isa = PBXBuildFile; fileRef = 92C740EB1F3DE04A007CE205 /* AppDelegate.swift */; };
		92C740EE1F3DE04A007CE205 /* ViewController.swift in Sources */ = {isa = PBXBuildFile; fileRef = 92C740ED1F3DE04A007CE205 /* ViewController.swift */; };
		92C740F11F3DE04A007CE205 /* Main.storyboard in Resources */ = {isa = PBXBuildFile; fileRef = 92C740EF1F3DE04A007CE205 /* Main.storyboard */; };
		92C740F31F3DE04A007CE205 /* Assets.xcassets in Resources */ = {isa = PBXBuildFile; fileRef = 92C740F21F3DE04A007CE205 /* Assets.xcassets */; };
		92C740F61F3DE04A007CE205 /* LaunchScreen.storyboard in Resources */ = {isa = PBXBuildFile; fileRef = 92C740F41F3DE04A007CE205 /* LaunchScreen.storyboard */; };
/* End PBXBuildFile section */

/* Begin PBXCopyFilesBuildPhase section */
		9258125F247C6A9E00BBFB2D /* Embed Frameworks */ = {
			isa = PBXCopyFilesBuildPhase;
			buildActionMask = 2147483647;
			dstPath = "";
			dstSubfolderSpec = 10;
			files = (
				92B2BCF424B313E30097A9F5 /* NFCSupport in Embed Frameworks */,
			);
			name = "Embed Frameworks";
			runOnlyForDeploymentPostprocessing = 0;
		};
/* End PBXCopyFilesBuildPhase section */

/* Begin PBXFileReference section */
		92C740E81F3DE04A007CE205 /* NFCSample.app */ = {isa = PBXFileReference; explicitFileType = wrapper.application; includeInIndex = 0; path = NFCSample.app; sourceTree = BUILT_PRODUCTS_DIR; };
		92C740EB1F3DE04A007CE205 /* AppDelegate.swift */ = {isa = PBXFileReference; lastKnownFileType = sourcecode.swift; path = AppDelegate.swift; sourceTree = "<group>"; };
		92C740ED1F3DE04A007CE205 /* ViewController.swift */ = {isa = PBXFileReference; lastKnownFileType = sourcecode.swift; path = ViewController.swift; sourceTree = "<group>"; };
		92C740F01F3DE04A007CE205 /* Base */ = {isa = PBXFileReference; lastKnownFileType = file.storyboard; name = Base; path = Base.lproj/Main.storyboard; sourceTree = "<group>"; };
		92C740F21F3DE04A007CE205 /* Assets.xcassets */ = {isa = PBXFileReference; lastKnownFileType = folder.assetcatalog; path = Assets.xcassets; sourceTree = "<group>"; };
		92C740F51F3DE04A007CE205 /* Base */ = {isa = PBXFileReference; lastKnownFileType = file.storyboard; name = Base; path = Base.lproj/LaunchScreen.storyboard; sourceTree = "<group>"; };
		92C740F71F3DE04A007CE205 /* Info.plist */ = {isa = PBXFileReference; lastKnownFileType = text.plist.xml; path = Info.plist; sourceTree = "<group>"; };
		92C740FD1F3DE0DB007CE205 /* NFCSample.entitlements */ = {isa = PBXFileReference; lastKnownFileType = text.plist.entitlements; path = NFCSample.entitlements; sourceTree = "<group>"; };
/* End PBXFileReference section */

/* Begin PBXFrameworksBuildPhase section */
		92C740E51F3DE04A007CE205 /* Frameworks */ = {
			isa = PBXFrameworksBuildPhase;
			buildActionMask = 2147483647;
			files = (
				92B2BCF324B313E30097A9F5 /* NFCSupport in Frameworks */,
			);
			runOnlyForDeploymentPostprocessing = 0;
		};
/* End PBXFrameworksBuildPhase section */

/* Begin PBXGroup section */
		92C740DF1F3DE04A007CE205 = {
			isa = PBXGroup;
			children = (
				92C740EA1F3DE04A007CE205 /* NFCSample */,
				92C740E91F3DE04A007CE205 /* Products */,
			);
			sourceTree = "<group>";
		};
		92C740E91F3DE04A007CE205 /* Products */ = {
			isa = PBXGroup;
			children = (
				92C740E81F3DE04A007CE205 /* NFCSample.app */,
			);
			name = Products;
			sourceTree = "<group>";
		};
		92C740EA1F3DE04A007CE205 /* NFCSample */ = {
			isa = PBXGroup;
			children = (
				92C740EB1F3DE04A007CE205 /* AppDelegate.swift */,
				92C740F21F3DE04A007CE205 /* Assets.xcassets */,
				92C740F71F3DE04A007CE205 /* Info.plist */,
				92C740F41F3DE04A007CE205 /* LaunchScreen.storyboard */,
				92C740EF1F3DE04A007CE205 /* Main.storyboard */,
				92C740FD1F3DE0DB007CE205 /* NFCSample.entitlements */,
				92C740ED1F3DE04A007CE205 /* ViewController.swift */,
			);
			path = NFCSample;
			sourceTree = "<group>";
		};
/* End PBXGroup section */

/* Begin PBXNativeTarget section */
		92C740E71F3DE04A007CE205 /* NFCSample */ = {
			isa = PBXNativeTarget;
			buildConfigurationList = 92C740FA1F3DE04A007CE205 /* Build configuration list for PBXNativeTarget "NFCSample" */;
			buildPhases = (
				92C740E41F3DE04A007CE205 /* Sources */,
				92C740E51F3DE04A007CE205 /* Frameworks */,
				92C740E61F3DE04A007CE205 /* Resources */,
				9258125F247C6A9E00BBFB2D /* Embed Frameworks */,
			);
			buildRules = (
			);
			dependencies = (
			);
			name = NFCSample;
			packageProductDependencies = (
				92B2BCF224B313E30097A9F5 /* NFCSupport */,
			);
			productName = NFCSample;
			productReference = 92C740E81F3DE04A007CE205 /* NFCSample.app */;
			productType = "com.apple.product-type.application";
		};
/* End PBXNativeTarget section */

/* Begin PBXProject section */
		92C740E01F3DE04A007CE205 /* Project object */ = {
			isa = PBXProject;
			attributes = {
				LastSwiftUpdateCheck = 0900;
				LastUpgradeCheck = 0900;
				ORGANIZATIONNAME = "Yoshihiro Kato";
				TargetAttributes = {
					92C740E71F3DE04A007CE205 = {
						CreatedOnToolsVersion = 9.0;
						LastSwiftMigration = 1140;
						ProvisioningStyle = Automatic;
						SystemCapabilities = {
							com.apple.NearFieldCommunicationTagReading = {
								enabled = 1;
							};
						};
					};
				};
			};
			buildConfigurationList = 92C740E31F3DE04A007CE205 /* Build configuration list for PBXProject "NFCSample" */;
			compatibilityVersion = "Xcode 8.0";
			developmentRegion = en;
			hasScannedForEncodings = 0;
			knownRegions = (
				en,
				Base,
			);
			mainGroup = 92C740DF1F3DE04A007CE205;
			packageReferences = (
				92B2BCF124B313E30097A9F5 /* XCRemoteSwiftPackageReference "NFCSupport" */,
			);
			productRefGroup = 92C740E91F3DE04A007CE205 /* Products */;
			projectDirPath = "";
			projectRoot = "";
			targets = (
				92C740E71F3DE04A007CE205 /* NFCSample */,
			);
		};
/* End PBXProject section */

/* Begin PBXResourcesBuildPhase section */
		92C740E61F3DE04A007CE205 /* Resources */ = {
			isa = PBXResourcesBuildPhase;
			buildActionMask = 2147483647;
			files = (
				92C740F61F3DE04A007CE205 /* LaunchScreen.storyboard in Resources */,
				92C740F31F3DE04A007CE205 /* Assets.xcassets in Resources */,
				92C740F11F3DE04A007CE205 /* Main.storyboard in Resources */,
			);
			runOnlyForDeploymentPostprocessing = 0;
		};
/* End PBXResourcesBuildPhase section */

/* Begin PBXSourcesBuildPhase section */
		92C740E41F3DE04A007CE205 /* Sources */ = {
			isa = PBXSourcesBuildPhase;
			buildActionMask = 2147483647;
			files = (
				92C740EE1F3DE04A007CE205 /* ViewController.swift in Sources */,
				92C740EC1F3DE04A007CE205 /* AppDelegate.swift in Sources */,
			);
			runOnlyForDeploymentPostprocessing = 0;
		};
/* End PBXSourcesBuildPhase section */

/* Begin PBXVariantGroup section */
		92C740EF1F3DE04A007CE205 /* Main.storyboard */ = {
			isa = PBXVariantGroup;
			children = (
				92C740F01F3DE04A007CE205 /* Base */,
			);
			name = Main.storyboard;
			path = .;
			sourceTree = "<group>";
		};
		92C740F41F3DE04A007CE205 /* LaunchScreen.storyboard */ = {
			isa = PBXVariantGroup;
			children = (
				92C740F51F3DE04A007CE205 /* Base */,
			);
			name = LaunchScreen.storyboard;
			path = .;
			sourceTree = "<group>";
		};
/* End PBXVariantGroup section */

/* Begin XCBuildConfiguration section */
		92C740F81F3DE04A007CE205 /* Debug */ = {
			isa = XCBuildConfiguration;
			buildSettings = {
				ALWAYS_SEARCH_USER_PATHS = NO;
				CLANG_ANALYZER_NONNULL = YES;
				CLANG_ANALYZER_NUMBER_OBJECT_CONVERSION = YES_AGGRESSIVE;
				CLANG_CXX_LANGUAGE_STANDARD = "gnu++14";
				CLANG_CXX_LIBRARY = "libc++";
				CLANG_ENABLE_MODULES = YES;
				CLANG_ENABLE_OBJC_ARC = YES;
				CLANG_WARN_BLOCK_CAPTURE_AUTORELEASING = YES;
				CLANG_WARN_BOOL_CONVERSION = YES;
				CLANG_WARN_COMMA = YES;
				CLANG_WARN_CONSTANT_CONVERSION = YES;
				CLANG_WARN_DIRECT_OBJC_ISA_USAGE = YES_ERROR;
				CLANG_WARN_DOCUMENTATION_COMMENTS = YES;
				CLANG_WARN_EMPTY_BODY = YES;
				CLANG_WARN_ENUM_CONVERSION = YES;
				CLANG_WARN_INFINITE_RECURSION = YES;
				CLANG_WARN_INT_CONVERSION = YES;
				CLANG_WARN_NON_LITERAL_NULL_CONVERSION = YES;
				CLANG_WARN_OBJC_LITERAL_CONVERSION = YES;
				CLANG_WARN_OBJC_ROOT_CLASS = YES_ERROR;
				CLANG_WARN_RANGE_LOOP_ANALYSIS = YES;
				CLANG_WARN_STRICT_PROTOTYPES = YES;
				CLANG_WARN_SUSPICIOUS_MOVE = YES;
				CLANG_WARN_UNGUARDED_AVAILABILITY = YES_AGGRESSIVE;
				CLANG_WARN_UNREACHABLE_CODE = YES;
				CLANG_WARN__DUPLICATE_METHOD_MATCH = YES;
				CODE_SIGN_IDENTITY = "iPhone Developer";
				COPY_PHASE_STRIP = NO;
				DEBUG_INFORMATION_FORMAT = dwarf;
				ENABLE_STRICT_OBJC_MSGSEND = YES;
				ENABLE_TESTABILITY = YES;
				GCC_C_LANGUAGE_STANDARD = gnu11;
				GCC_DYNAMIC_NO_PIC = NO;
				GCC_NO_COMMON_BLOCKS = YES;
				GCC_OPTIMIZATION_LEVEL = 0;
				GCC_PREPROCESSOR_DEFINITIONS = (
					"DEBUG=1",
					"$(inherited)",
				);
				GCC_WARN_64_TO_32_BIT_CONVERSION = YES;
				GCC_WARN_ABOUT_RETURN_TYPE = YES_ERROR;
				GCC_WARN_UNDECLARED_SELECTOR = YES;
				GCC_WARN_UNINITIALIZED_AUTOS = YES_AGGRESSIVE;
				GCC_WARN_UNUSED_FUNCTION = YES;
				GCC_WARN_UNUSED_VARIABLE = YES;
				IPHONEOS_DEPLOYMENT_TARGET = 11.0;
				MTL_ENABLE_DEBUG_INFO = YES;
				ONLY_ACTIVE_ARCH = YES;
				SDKROOT = iphoneos;
				SWIFT_ACTIVE_COMPILATION_CONDITIONS = DEBUG;
				SWIFT_OPTIMIZATION_LEVEL = "-Onone";
			};
			name = Debug;
		};
		92C740F91F3DE04A007CE205 /* Release */ = {
			isa = XCBuildConfiguration;
			buildSettings = {
				ALWAYS_SEARCH_USER_PATHS = NO;
				CLANG_ANALYZER_NONNULL = YES;
				CLANG_ANALYZER_NUMBER_OBJECT_CONVERSION = YES_AGGRESSIVE;
				CLANG_CXX_LANGUAGE_STANDARD = "gnu++14";
				CLANG_CXX_LIBRARY = "libc++";
				CLANG_ENABLE_MODULES = YES;
				CLANG_ENABLE_OBJC_ARC = YES;
				CLANG_WARN_BLOCK_CAPTURE_AUTORELEASING = YES;
				CLANG_WARN_BOOL_CONVERSION = YES;
				CLANG_WARN_COMMA = YES;
				CLANG_WARN_CONSTANT_CONVERSION = YES;
				CLANG_WARN_DIRECT_OBJC_ISA_USAGE = YES_ERROR;
				CLANG_WARN_DOCUMENTATION_COMMENTS = YES;
				CLANG_WARN_EMPTY_BODY = YES;
				CLANG_WARN_ENUM_CONVERSION = YES;
				CLANG_WARN_INFINITE_RECURSION = YES;
				CLANG_WARN_INT_CONVERSION = YES;
				CLANG_WARN_NON_LITERAL_NULL_CONVERSION = YES;
				CLANG_WARN_OBJC_LITERAL_CONVERSION = YES;
				CLANG_WARN_OBJC_ROOT_CLASS = YES_ERROR;
				CLANG_WARN_RANGE_LOOP_ANALYSIS = YES;
				CLANG_WARN_STRICT_PROTOTYPES = YES;
				CLANG_WARN_SUSPICIOUS_MOVE = YES;
				CLANG_WARN_UNGUARDED_AVAILABILITY = YES_AGGRESSIVE;
				CLANG_WARN_UNREACHABLE_CODE = YES;
				CLANG_WARN__DUPLICATE_METHOD_MATCH = YES;
				CODE_SIGN_IDENTITY = "iPhone Developer";
				COPY_PHASE_STRIP = NO;
				DEBUG_INFORMATION_FORMAT = "dwarf-with-dsym";
				ENABLE_NS_ASSERTIONS = NO;
				ENABLE_STRICT_OBJC_MSGSEND = YES;
				GCC_C_LANGUAGE_STANDARD = gnu11;
				GCC_NO_COMMON_BLOCKS = YES;
				GCC_WARN_64_TO_32_BIT_CONVERSION = YES;
				GCC_WARN_ABOUT_RETURN_TYPE = YES_ERROR;
				GCC_WARN_UNDECLARED_SELECTOR = YES;
				GCC_WARN_UNINITIALIZED_AUTOS = YES_AGGRESSIVE;
				GCC_WARN_UNUSED_FUNCTION = YES;
				GCC_WARN_UNUSED_VARIABLE = YES;
				IPHONEOS_DEPLOYMENT_TARGET = 11.0;
				MTL_ENABLE_DEBUG_INFO = NO;
				SDKROOT = iphoneos;
				SWIFT_COMPILATION_MODE = wholemodule;
				SWIFT_OPTIMIZATION_LEVEL = "-O";
				VALIDATE_PRODUCT = YES;
			};
			name = Release;
		};
		92C740FB1F3DE04A007CE205 /* Debug */ = {
			isa = XCBuildConfiguration;
			buildSettings = {
				ASSETCATALOG_COMPILER_APPICON_NAME = AppIcon;
				CODE_SIGN_ENTITLEMENTS = NFCSample/NFCSample.entitlements;
				CODE_SIGN_IDENTITY = "iPhone Developer";
				"CODE_SIGN_IDENTITY[sdk=iphoneos*]" = "iPhone Developer";
				CODE_SIGN_STYLE = Automatic;
				DEVELOPMENT_TEAM = 7A4SW8L4U6;
				FRAMEWORK_SEARCH_PATHS = (
					"$(inherited)",
					"$(PROJECT_DIR)/NFCSample/Frameworks",
					"$(PROJECT_DIR)/NFCSample",
					"$(PROJECT_DIR)/Frameworks",
				);
				INFOPLIST_FILE = NFCSample/Info.plist;
				LD_RUNPATH_SEARCH_PATHS = (
					"$(inherited)",
					"@executable_path/Frameworks",
				);
				PRODUCT_BUNDLE_IDENTIFIER = "com.sputnik-apps.nfc-sample";
				PRODUCT_NAME = "$(TARGET_NAME)";
				PROVISIONING_PROFILE = "";
				PROVISIONING_PROFILE_SPECIFIER = "";
				SWIFT_VERSION = 5.0;
				TARGETED_DEVICE_FAMILY = 1;
			};
			name = Debug;
		};
		92C740FC1F3DE04A007CE205 /* Release */ = {
			isa = XCBuildConfiguration;
			buildSettings = {
				ASSETCATALOG_COMPILER_APPICON_NAME = AppIcon;
				CODE_SIGN_ENTITLEMENTS = NFCSample/NFCSample.entitlements;
				CODE_SIGN_IDENTITY = "iPhone Developer";
				"CODE_SIGN_IDENTITY[sdk=iphoneos*]" = "iPhone Developer";
				CODE_SIGN_STYLE = Automatic;
				DEVELOPMENT_TEAM = 7A4SW8L4U6;
				FRAMEWORK_SEARCH_PATHS = (
					"$(inherited)",
					"$(PROJECT_DIR)/NFCSample/Frameworks",
					"$(PROJECT_DIR)/NFCSample",
					"$(PROJECT_DIR)/Frameworks",
				);
				INFOPLIST_FILE = NFCSample/Info.plist;
				LD_RUNPATH_SEARCH_PATHS = (
					"$(inherited)",
					"@executable_path/Frameworks",
				);
				PRODUCT_BUNDLE_IDENTIFIER = "com.sputnik-apps.nfc-sample";
				PRODUCT_NAME = "$(TARGET_NAME)";
				PROVISIONING_PROFILE = "";
				PROVISIONING_PROFILE_SPECIFIER = "";
				SWIFT_VERSION = 5.0;
				TARGETED_DEVICE_FAMILY = 1;
			};
			name = Release;
		};
/* End XCBuildConfiguration section */

/* Begin XCConfigurationList section */
		92C740E31F3DE04A007CE205 /* Build configuration list for PBXProject "NFCSample" */ = {
			isa = XCConfigurationList;
			buildConfigurations = (
				92C740F81F3DE04A007CE205 /* Debug */,
				92C740F91F3DE04A007CE205 /* Release */,
			);
			defaultConfigurationIsVisible = 0;
			defaultConfigurationName = Release;
		};
		92C740FA1F3DE04A007CE205 /* Build configuration list for PBXNativeTarget "NFCSample" */ = {
			isa = XCConfigurationList;
			buildConfigurations = (
				92C740FB1F3DE04A007CE205 /* Debug */,
				92C740FC1F3DE04A007CE205 /* Release */,
			);
			defaultConfigurationIsVisible = 0;
			defaultConfigurationName = Release;
		};
/* End XCConfigurationList section */

/* Begin XCRemoteSwiftPackageReference section */
		92B2BCF124B313E30097A9F5 /* XCRemoteSwiftPackageReference "NFCSupport" */ = {
			isa = XCRemoteSwiftPackageReference;
			repositoryURL = "https://github.com/yshrkt/NFCSupport.git";
			requirement = {
				branch = master;
				kind = branch;
			};
		};
/* End XCRemoteSwiftPackageReference section */

/* Begin XCSwiftPackageProductDependency section */
		92B2BCF224B313E30097A9F5 /* NFCSupport */ = {
			isa = XCSwiftPackageProductDependency;
			package = 92B2BCF124B313E30097A9F5 /* XCRemoteSwiftPackageReference "NFCSupport" */;
			productName = NFCSupport;
		};
/* End XCSwiftPackageProductDependency section */
	};
	rootObject = 92C740E01F3DE04A007CE205 /* Project object */;
}
